
Microsoft Visual Studio Solution File, Format Version 12.00
# Visual Studio Version 17
VisualStudioVersion = 17.0.31919.166
MinimumVisualStudioVersion = 10.0.40219.1
Project("{FAE04EC0-301F-11D3-BF4B-00C04F79EFBC}") = "ClothingStoreProject", "ClothingStoreProject\ClothingStoreProject.csproj", "{BE91B520-8DA4-454F-82DB-157ACD5A710A}"
EndProject
Global
	GlobalSection(SolutionConfigurationPlatforms) = preSolution
		Debug|Any CPU = Debug|Any CPU
		Release|Any CPU = Release|Any CPU
	EndGlobalSection
	GlobalSection(ProjectConfigurationPlatforms) = postSolution
		{BE91B520-8DA4-454F-82DB-157ACD5A710A}.Debug|Any CPU.ActiveCfg = Debug|Any CPU
		{BE91B520-8DA4-454F-82DB-157ACD5A710A}.Debug|Any CPU.Build.0 = Debug|Any CPU
		{BE91B520-8DA4-454F-82DB-157ACD5A710A}.Release|Any CPU.ActiveCfg = Release|Any CPU
		{BE91B520-8DA4-454F-82DB-157ACD5A710A}.Release|Any CPU.Build.0 = Release|Any CPU
	EndGlobalSection
	GlobalSection(SolutionProperties) = preSolution
		HideSolutionNode = FALSE
	EndGlobalSection
	GlobalSection(ExtensibilityGlobals) = postSolution
		SolutionGuid = {887A2977-2174-4AD2-81C1-2EF311F2FD1C}
	EndGlobalSection
EndGlobal
